
Microsoft Visual Studio Solution File, Format Version 12.00
# Visual Studio 2015
Project("{FAE04EC0-301F-11D3-BF4B-00C04F79EFBC}") = "MarionetteIsland.Plugins", "MarionetteIsland.Plugins.csproj", "{D0F76384-7648-225A-807B-99B01C2E790E}"
EndProject
Project("{FAE04EC0-301F-11D3-BF4B-00C04F79EFBC}") = "MarionetteIsland.Editor.Plugins", "MarionetteIsland.Editor.Plugins.csproj", "{A15AF962-ECE0-24AD-3536-CF1F966DFBD0}"
EndProject
Global
	GlobalSection(SolutionConfigurationPlatforms) = preSolution
		Debug|Any CPU = Debug|Any CPU
		Release|Any CPU = Release|Any CPU
	EndGlobalSection
	GlobalSection(ProjectConfigurationPlatforms) = postSolution
		{D0F76384-7648-225A-807B-99B01C2E790E}.Debug|Any CPU.ActiveCfg = Debug|Any CPU
		{D0F76384-7648-225A-807B-99B01C2E790E}.Debug|Any CPU.Build.0 = Debug|Any CPU
		{D0F76384-7648-225A-807B-99B01C2E790E}.Release|Any CPU.ActiveCfg = Release|Any CPU
		{D0F76384-7648-225A-807B-99B01C2E790E}.Release|Any CPU.Build.0 = Release|Any CPU
		{A15AF962-ECE0-24AD-3536-CF1F966DFBD0}.Debug|Any CPU.ActiveCfg = Debug|Any CPU
		{A15AF962-ECE0-24AD-3536-CF1F966DFBD0}.Debug|Any CPU.Build.0 = Debug|Any CPU
		{A15AF962-ECE0-24AD-3536-CF1F966DFBD0}.Release|Any CPU.ActiveCfg = Release|Any CPU
		{A15AF962-ECE0-24AD-3536-CF1F966DFBD0}.Release|Any CPU.Build.0 = Release|Any CPU
	EndGlobalSection
	GlobalSection(SolutionProperties) = preSolution
		HideSolutionNode = FALSE
	EndGlobalSection
EndGlobal
